
Microsoft Visual Studio Solution File, Format Version 12.00
# Visual Studio Version 17
VisualStudioVersion = 17.13.35913.81
MinimumVisualStudioVersion = 10.0.40219.1
Project("{FAE04EC0-301F-11D3-BF4B-00C04F79EFBC}") = "IT15_Final_Proj", "IT15_Final_Proj.csproj", "{167125A3-37EB-492C-A482-BAF76A36460D}"
EndProject
Global
	GlobalSection(SolutionConfigurationPlatforms) = preSolution
		Debug|Any CPU = Debug|Any CPU
		Release|Any CPU = Release|Any CPU
	EndGlobalSection
	GlobalSection(ProjectConfigurationPlatforms) = postSolution
		{167125A3-37EB-492C-A482-BAF76A36460D}.Debug|Any CPU.ActiveCfg = Debug|Any CPU
		{167125A3-37EB-492C-A482-BAF76A36460D}.Debug|Any CPU.Build.0 = Debug|Any CPU
		{167125A3-37EB-492C-A482-BAF76A36460D}.Release|Any CPU.ActiveCfg = Release|Any CPU
		{167125A3-37EB-492C-A482-BAF76A36460D}.Release|Any CPU.Build.0 = Release|Any CPU
	EndGlobalSection
	GlobalSection(SolutionProperties) = preSolution
		HideSolutionNode = FALSE
	EndGlobalSection
	GlobalSection(ExtensibilityGlobals) = postSolution
		SolutionGuid = {C38DEEC1-A525-4BCA-9D43-DBE8FAA9AF4B}
	EndGlobalSection
EndGlobal
